
Microsoft Visual Studio Solution File, Format Version 12.00
# Visual Studio Version 17
VisualStudioVersion = 17.4.33403.182
MinimumVisualStudioVersion = 10.0.40219.1
Project("{FAE04EC0-301F-11D3-BF4B-00C04F79EFBC}") = "Hoist", "Hoist.csproj", "{24F7145F-0CF9-4557-BEEA-2CFAA9EE9FF2}"
EndProject
Global
	GlobalSection(SolutionConfigurationPlatforms) = preSolution
		Debug|Any CPU = Debug|Any CPU
		Release|Any CPU = Release|Any CPU
	EndGlobalSection
	GlobalSection(ProjectConfigurationPlatforms) = postSolution
		{24F7145F-0CF9-4557-BEEA-2CFAA9EE9FF2}.Debug|Any CPU.ActiveCfg = Debug|Any CPU
		{24F7145F-0CF9-4557-BEEA-2CFAA9EE9FF2}.Debug|Any CPU.Build.0 = Debug|Any CPU
		{24F7145F-0CF9-4557-BEEA-2CFAA9EE9FF2}.Release|Any CPU.ActiveCfg = Release|Any CPU
		{24F7145F-0CF9-4557-BEEA-2CFAA9EE9FF2}.Release|Any CPU.Build.0 = Release|Any CPU
	EndGlobalSection
	GlobalSection(SolutionProperties) = preSolution
		HideSolutionNode = FALSE
	EndGlobalSection
	GlobalSection(ExtensibilityGlobals) = postSolution
		SolutionGuid = {5D7CAC43-A542-49F3-BAC2-E9EE6B88A55D}
	EndGlobalSection
EndGlobal
